
Microsoft Visual Studio Solution File, Format Version 12.00
# Visual Studio Version 17
VisualStudioVersion = 17.6.33712.159
MinimumVisualStudioVersion = 10.0.40219.1
Project("{FAE04EC0-301F-11D3-BF4B-00C04F79EFBC}") = "ApiKR", "..\ApiKR\ApiKR.csproj", "{57251C4F-722C-48F1-B3C6-1193AF0AC830}"
	ProjectSection(ProjectDependencies) = postProject
		{F4666CF0-7F00-49E4-893D-8E71B9F25F02} = {F4666CF0-7F00-49E4-893D-8E71B9F25F02}
	EndProjectSection
EndProject
Project("{FAE04EC0-301F-11D3-BF4B-00C04F79EFBC}") = "Common", "..\Common\Common.csproj", "{F4666CF0-7F00-49E4-893D-8E71B9F25F02}"
EndProject
Global
	GlobalSection(SolutionConfigurationPlatforms) = preSolution
		Debug|Any CPU = Debug|Any CPU
		Release|Any CPU = Release|Any CPU
	EndGlobalSection
	GlobalSection(ProjectConfigurationPlatforms) = postSolution
		{57251C4F-722C-48F1-B3C6-1193AF0AC830}.Debug|Any CPU.ActiveCfg = Debug|Any CPU
		{57251C4F-722C-48F1-B3C6-1193AF0AC830}.Debug|Any CPU.Build.0 = Debug|Any CPU
		{57251C4F-722C-48F1-B3C6-1193AF0AC830}.Release|Any CPU.ActiveCfg = Release|Any CPU
		{57251C4F-722C-48F1-B3C6-1193AF0AC830}.Release|Any CPU.Build.0 = Release|Any CPU
		{F4666CF0-7F00-49E4-893D-8E71B9F25F02}.Debug|Any CPU.ActiveCfg = Debug|Any CPU
		{F4666CF0-7F00-49E4-893D-8E71B9F25F02}.Debug|Any CPU.Build.0 = Debug|Any CPU
		{F4666CF0-7F00-49E4-893D-8E71B9F25F02}.Release|Any CPU.ActiveCfg = Release|Any CPU
		{F4666CF0-7F00-49E4-893D-8E71B9F25F02}.Release|Any CPU.Build.0 = Release|Any CPU
	EndGlobalSection
	GlobalSection(SolutionProperties) = preSolution
		HideSolutionNode = FALSE
	EndGlobalSection
	GlobalSection(ExtensibilityGlobals) = postSolution
		SolutionGuid = {01C1B88D-4583-40D6-A936-20FDD59D12E0}
	EndGlobalSection
EndGlobal
